
Microsoft Visual Studio Solution File, Format Version 12.00
# Visual Studio Version 16
VisualStudioVersion = 16.0.31112.23
MinimumVisualStudioVersion = 10.0.40219.1
Project("{FAE04EC0-301F-11D3-BF4B-00C04F79EFBC}") = "MoviesAPI", "MoviesAPI\MoviesAPI.csproj", "{84429370-7127-4880-897B-0A95F29C6B02}"
EndProject
Global
	GlobalSection(SolutionConfigurationPlatforms) = preSolution
		Debug|Any CPU = Debug|Any CPU
		Release|Any CPU = Release|Any CPU
	EndGlobalSection
	GlobalSection(ProjectConfigurationPlatforms) = postSolution
		{84429370-7127-4880-897B-0A95F29C6B02}.Debug|Any CPU.ActiveCfg = Debug|Any CPU
		{84429370-7127-4880-897B-0A95F29C6B02}.Debug|Any CPU.Build.0 = Debug|Any CPU
		{84429370-7127-4880-897B-0A95F29C6B02}.Release|Any CPU.ActiveCfg = Release|Any CPU
		{84429370-7127-4880-897B-0A95F29C6B02}.Release|Any CPU.Build.0 = Release|Any CPU
	EndGlobalSection
	GlobalSection(SolutionProperties) = preSolution
		HideSolutionNode = FALSE
	EndGlobalSection
	GlobalSection(ExtensibilityGlobals) = postSolution
		SolutionGuid = {32843DA2-EBD1-4E6D-B196-668979581EEB}
	EndGlobalSection
EndGlobal
